
Microsoft Visual Studio Solution File, Format Version 12.00
# Visual Studio Version 17
VisualStudioVersion = 17.0.31903.59
MinimumVisualStudioVersion = 10.0.40219.1
Project("{2150E333-8FDC-42A3-9474-1A3956D46DE8}") = "src", "src", "{827E0CD3-B72D-47B6-A68D-7590B98EB39B}"
EndProject
Project("{FAE04EC0-301F-11D3-BF4B-00C04F79EFBC}") = "MEAIForLocalLLMs.AppHost", "src\MEAIForLocalLLMs.AppHost\MEAIForLocalLLMs.AppHost.csproj", "{8BAC0563-0F5B-4386-9A2F-9B4C2DBEDF26}"
EndProject
Project("{FAE04EC0-301F-11D3-BF4B-00C04F79EFBC}") = "MEAIForLocalLLMs.Common", "src\MEAIForLocalLLMs.Common\MEAIForLocalLLMs.Common.csproj", "{022D5B11-6C4A-4E32-87AB-955AB69F4EC5}"
EndProject
Project("{FAE04EC0-301F-11D3-BF4B-00C04F79EFBC}") = "MEAIForLocalLLMs.ServiceDefaults", "src\MEAIForLocalLLMs.ServiceDefaults\MEAIForLocalLLMs.ServiceDefaults.csproj", "{518A8030-C823-4C7D-A4D7-7C1945746326}"
EndProject
Project("{FAE04EC0-301F-11D3-BF4B-00C04F79EFBC}") = "MEAIForLocalLLMs.WebApp", "src\MEAIForLocalLLMs.WebApp\MEAIForLocalLLMs.WebApp.csproj", "{075D7156-6324-4058-8C70-EB46D6F8C62E}"
EndProject
Global
	GlobalSection(SolutionConfigurationPlatforms) = preSolution
		Debug|Any CPU = Debug|Any CPU
		Debug|x64 = Debug|x64
		Debug|x86 = Debug|x86
		Release|Any CPU = Release|Any CPU
		Release|x64 = Release|x64
		Release|x86 = Release|x86
	EndGlobalSection
	GlobalSection(ProjectConfigurationPlatforms) = postSolution
		{8BAC0563-0F5B-4386-9A2F-9B4C2DBEDF26}.Debug|Any CPU.ActiveCfg = Debug|Any CPU
		{8BAC0563-0F5B-4386-9A2F-9B4C2DBEDF26}.Debug|Any CPU.Build.0 = Debug|Any CPU
		{8BAC0563-0F5B-4386-9A2F-9B4C2DBEDF26}.Debug|x64.ActiveCfg = Debug|Any CPU
		{8BAC0563-0F5B-4386-9A2F-9B4C2DBEDF26}.Debug|x64.Build.0 = Debug|Any CPU
		{8BAC0563-0F5B-4386-9A2F-9B4C2DBEDF26}.Debug|x86.ActiveCfg = Debug|Any CPU
		{8BAC0563-0F5B-4386-9A2F-9B4C2DBEDF26}.Debug|x86.Build.0 = Debug|Any CPU
		{8BAC0563-0F5B-4386-9A2F-9B4C2DBEDF26}.Release|Any CPU.ActiveCfg = Release|Any CPU
		{8BAC0563-0F5B-4386-9A2F-9B4C2DBEDF26}.Release|Any CPU.Build.0 = Release|Any CPU
		{8BAC0563-0F5B-4386-9A2F-9B4C2DBEDF26}.Release|x64.ActiveCfg = Release|Any CPU
		{8BAC0563-0F5B-4386-9A2F-9B4C2DBEDF26}.Release|x64.Build.0 = Release|Any CPU
		{8BAC0563-0F5B-4386-9A2F-9B4C2DBEDF26}.Release|x86.ActiveCfg = Release|Any CPU
		{8BAC0563-0F5B-4386-9A2F-9B4C2DBEDF26}.Release|x86.Build.0 = Release|Any CPU
		{022D5B11-6C4A-4E32-87AB-955AB69F4EC5}.Debug|Any CPU.ActiveCfg = Debug|Any CPU
		{022D5B11-6C4A-4E32-87AB-955AB69F4EC5}.Debug|Any CPU.Build.0 = Debug|Any CPU
		{022D5B11-6C4A-4E32-87AB-955AB69F4EC5}.Debug|x64.ActiveCfg = Debug|Any CPU
		{022D5B11-6C4A-4E32-87AB-955AB69F4EC5}.Debug|x64.Build.0 = Debug|Any CPU
		{022D5B11-6C4A-4E32-87AB-955AB69F4EC5}.Debug|x86.ActiveCfg = Debug|Any CPU
		{022D5B11-6C4A-4E32-87AB-955AB69F4EC5}.Debug|x86.Build.0 = Debug|Any CPU
		{022D5B11-6C4A-4E32-87AB-955AB69F4EC5}.Release|Any CPU.ActiveCfg = Release|Any CPU
		{022D5B11-6C4A-4E32-87AB-955AB69F4EC5}.Release|Any CPU.Build.0 = Release|Any CPU
		{022D5B11-6C4A-4E32-87AB-955AB69F4EC5}.Release|x64.ActiveCfg = Release|Any CPU
		{022D5B11-6C4A-4E32-87AB-955AB69F4EC5}.Release|x64.Build.0 = Release|Any CPU
		{022D5B11-6C4A-4E32-87AB-955AB69F4EC5}.Release|x86.ActiveCfg = Release|Any CPU
		{022D5B11-6C4A-4E32-87AB-955AB69F4EC5}.Release|x86.Build.0 = Release|Any CPU
		{518A8030-C823-4C7D-A4D7-7C1945746326}.Debug|Any CPU.ActiveCfg = Debug|Any CPU
		{518A8030-C823-4C7D-A4D7-7C1945746326}.Debug|Any CPU.Build.0 = Debug|Any CPU
		{518A8030-C823-4C7D-A4D7-7C1945746326}.Debug|x64.ActiveCfg = Debug|Any CPU
		{518A8030-C823-4C7D-A4D7-7C1945746326}.Debug|x64.Build.0 = Debug|Any CPU
		{518A8030-C823-4C7D-A4D7-7C1945746326}.Debug|x86.ActiveCfg = Debug|Any CPU
		{518A8030-C823-4C7D-A4D7-7C1945746326}.Debug|x86.Build.0 = Debug|Any CPU
		{518A8030-C823-4C7D-A4D7-7C1945746326}.Release|Any CPU.ActiveCfg = Release|Any CPU
		{518A8030-C823-4C7D-A4D7-7C1945746326}.Release|Any CPU.Build.0 = Release|Any CPU
		{518A8030-C823-4C7D-A4D7-7C1945746326}.Release|x64.ActiveCfg = Release|Any CPU
		{518A8030-C823-4C7D-A4D7-7C1945746326}.Release|x64.Build.0 = Release|Any CPU
		{518A8030-C823-4C7D-A4D7-7C1945746326}.Release|x86.ActiveCfg = Release|Any CPU
		{518A8030-C823-4C7D-A4D7-7C1945746326}.Release|x86.Build.0 = Release|Any CPU
		{075D7156-6324-4058-8C70-EB46D6F8C62E}.Debug|Any CPU.ActiveCfg = Debug|Any CPU
		{075D7156-6324-4058-8C70-EB46D6F8C62E}.Debug|Any CPU.Build.0 = Debug|Any CPU
		{075D7156-6324-4058-8C70-EB46D6F8C62E}.Debug|x64.ActiveCfg = Debug|Any CPU
		{075D7156-6324-4058-8C70-EB46D6F8C62E}.Debug|x64.Build.0 = Debug|Any CPU
		{075D7156-6324-4058-8C70-EB46D6F8C62E}.Debug|x86.ActiveCfg = Debug|Any CPU
		{075D7156-6324-4058-8C70-EB46D6F8C62E}.Debug|x86.Build.0 = Debug|Any CPU
		{075D7156-6324-4058-8C70-EB46D6F8C62E}.Release|Any CPU.ActiveCfg = Release|Any CPU
		{075D7156-6324-4058-8C70-EB46D6F8C62E}.Release|Any CPU.Build.0 = Release|Any CPU
		{075D7156-6324-4058-8C70-EB46D6F8C62E}.Release|x64.ActiveCfg = Release|Any CPU
		{075D7156-6324-4058-8C70-EB46D6F8C62E}.Release|x64.Build.0 = Release|Any CPU
		{075D7156-6324-4058-8C70-EB46D6F8C62E}.Release|x86.ActiveCfg = Release|Any CPU
		{075D7156-6324-4058-8C70-EB46D6F8C62E}.Release|x86.Build.0 = Release|Any CPU
	EndGlobalSection
	GlobalSection(SolutionProperties) = preSolution
		HideSolutionNode = FALSE
	EndGlobalSection
	GlobalSection(NestedProjects) = preSolution
		{8BAC0563-0F5B-4386-9A2F-9B4C2DBEDF26} = {827E0CD3-B72D-47B6-A68D-7590B98EB39B}
		{022D5B11-6C4A-4E32-87AB-955AB69F4EC5} = {827E0CD3-B72D-47B6-A68D-7590B98EB39B}
		{518A8030-C823-4C7D-A4D7-7C1945746326} = {827E0CD3-B72D-47B6-A68D-7590B98EB39B}
		{075D7156-6324-4058-8C70-EB46D6F8C62E} = {827E0CD3-B72D-47B6-A68D-7590B98EB39B}
	EndGlobalSection
EndGlobal
