
Microsoft Visual Studio Solution File, Format Version 12.00
# Visual Studio Version 17
VisualStudioVersion = 17.0.31903.59
MinimumVisualStudioVersion = 10.0.40219.1
Project("{2150E333-8FDC-42A3-9474-1A3956D46DE8}") = "src", "src", "{827E0CD3-B72D-47B6-A68D-7590B98EB39B}"
EndProject
Project("{FAE04EC0-301F-11D3-BF4B-00C04F79EFBC}") = "MEAIForLocalLLMs.Agent", "src\MEAIForLocalLLMs.Agent\MEAIForLocalLLMs.Agent.csproj", "{36AE722D-6824-41AD-B2A7-85FB1B936FDC}"
EndProject
Project("{FAE04EC0-301F-11D3-BF4B-00C04F79EFBC}") = "MEAIForLocalLLMs.ServiceDefaults", "src\MEAIForLocalLLMs.ServiceDefaults\MEAIForLocalLLMs.ServiceDefaults.csproj", "{1B7AB5A0-E61A-4828-8FF5-67EECDEB4EEF}"
EndProject
Project("{FAE04EC0-301F-11D3-BF4B-00C04F79EFBC}") = "MEAIForLocalLLMs.AppHost", "src\MEAIForLocalLLMs.AppHost\MEAIForLocalLLMs.AppHost.csproj", "{1F52110C-25F8-4656-998A-83F592209268}"
EndProject
Project("{FAE04EC0-301F-11D3-BF4B-00C04F79EFBC}") = "MEAIForLocalLLMs.McpTodo", "src\MEAIForLocalLLMs.McpTodo\MEAIForLocalLLMs.McpTodo.csproj", "{3E79A998-FEC7-44F4-AE65-010BC2CF5868}"
EndProject
Project("{FAE04EC0-301F-11D3-BF4B-00C04F79EFBC}") = "MEAIForLocalLLMs.WebUI", "src\MEAIForLocalLLMs.WebUI\MEAIForLocalLLMs.WebUI.csproj", "{010FB2D0-7BC3-43C3-84D1-D8F69AE99CE1}"
EndProject
Global
	GlobalSection(SolutionConfigurationPlatforms) = preSolution
		Debug|Any CPU = Debug|Any CPU
		Debug|x64 = Debug|x64
		Debug|x86 = Debug|x86
		Release|Any CPU = Release|Any CPU
		Release|x64 = Release|x64
		Release|x86 = Release|x86
	EndGlobalSection
	GlobalSection(ProjectConfigurationPlatforms) = postSolution
		{36AE722D-6824-41AD-B2A7-85FB1B936FDC}.Debug|Any CPU.ActiveCfg = Debug|Any CPU
		{36AE722D-6824-41AD-B2A7-85FB1B936FDC}.Debug|Any CPU.Build.0 = Debug|Any CPU
		{36AE722D-6824-41AD-B2A7-85FB1B936FDC}.Debug|x64.ActiveCfg = Debug|Any CPU
		{36AE722D-6824-41AD-B2A7-85FB1B936FDC}.Debug|x64.Build.0 = Debug|Any CPU
		{36AE722D-6824-41AD-B2A7-85FB1B936FDC}.Debug|x86.ActiveCfg = Debug|Any CPU
		{36AE722D-6824-41AD-B2A7-85FB1B936FDC}.Debug|x86.Build.0 = Debug|Any CPU
		{36AE722D-6824-41AD-B2A7-85FB1B936FDC}.Release|Any CPU.ActiveCfg = Release|Any CPU
		{36AE722D-6824-41AD-B2A7-85FB1B936FDC}.Release|Any CPU.Build.0 = Release|Any CPU
		{36AE722D-6824-41AD-B2A7-85FB1B936FDC}.Release|x64.ActiveCfg = Release|Any CPU
		{36AE722D-6824-41AD-B2A7-85FB1B936FDC}.Release|x64.Build.0 = Release|Any CPU
		{36AE722D-6824-41AD-B2A7-85FB1B936FDC}.Release|x86.ActiveCfg = Release|Any CPU
		{36AE722D-6824-41AD-B2A7-85FB1B936FDC}.Release|x86.Build.0 = Release|Any CPU
		{1B7AB5A0-E61A-4828-8FF5-67EECDEB4EEF}.Debug|Any CPU.ActiveCfg = Debug|Any CPU
		{1B7AB5A0-E61A-4828-8FF5-67EECDEB4EEF}.Debug|Any CPU.Build.0 = Debug|Any CPU
		{1B7AB5A0-E61A-4828-8FF5-67EECDEB4EEF}.Debug|x64.ActiveCfg = Debug|Any CPU
		{1B7AB5A0-E61A-4828-8FF5-67EECDEB4EEF}.Debug|x64.Build.0 = Debug|Any CPU
		{1B7AB5A0-E61A-4828-8FF5-67EECDEB4EEF}.Debug|x86.ActiveCfg = Debug|Any CPU
		{1B7AB5A0-E61A-4828-8FF5-67EECDEB4EEF}.Debug|x86.Build.0 = Debug|Any CPU
		{1B7AB5A0-E61A-4828-8FF5-67EECDEB4EEF}.Release|Any CPU.ActiveCfg = Release|Any CPU
		{1B7AB5A0-E61A-4828-8FF5-67EECDEB4EEF}.Release|Any CPU.Build.0 = Release|Any CPU
		{1B7AB5A0-E61A-4828-8FF5-67EECDEB4EEF}.Release|x64.ActiveCfg = Release|Any CPU
		{1B7AB5A0-E61A-4828-8FF5-67EECDEB4EEF}.Release|x64.Build.0 = Release|Any CPU
		{1B7AB5A0-E61A-4828-8FF5-67EECDEB4EEF}.Release|x86.ActiveCfg = Release|Any CPU
		{1B7AB5A0-E61A-4828-8FF5-67EECDEB4EEF}.Release|x86.Build.0 = Release|Any CPU
		{1F52110C-25F8-4656-998A-83F592209268}.Debug|Any CPU.ActiveCfg = Debug|Any CPU
		{1F52110C-25F8-4656-998A-83F592209268}.Debug|Any CPU.Build.0 = Debug|Any CPU
		{1F52110C-25F8-4656-998A-83F592209268}.Debug|x64.ActiveCfg = Debug|Any CPU
		{1F52110C-25F8-4656-998A-83F592209268}.Debug|x64.Build.0 = Debug|Any CPU
		{1F52110C-25F8-4656-998A-83F592209268}.Debug|x86.ActiveCfg = Debug|Any CPU
		{1F52110C-25F8-4656-998A-83F592209268}.Debug|x86.Build.0 = Debug|Any CPU
		{1F52110C-25F8-4656-998A-83F592209268}.Release|Any CPU.ActiveCfg = Release|Any CPU
		{1F52110C-25F8-4656-998A-83F592209268}.Release|Any CPU.Build.0 = Release|Any CPU
		{1F52110C-25F8-4656-998A-83F592209268}.Release|x64.ActiveCfg = Release|Any CPU
		{1F52110C-25F8-4656-998A-83F592209268}.Release|x64.Build.0 = Release|Any CPU
		{1F52110C-25F8-4656-998A-83F592209268}.Release|x86.ActiveCfg = Release|Any CPU
		{1F52110C-25F8-4656-998A-83F592209268}.Release|x86.Build.0 = Release|Any CPU
		{3E79A998-FEC7-44F4-AE65-010BC2CF5868}.Debug|Any CPU.ActiveCfg = Debug|Any CPU
		{3E79A998-FEC7-44F4-AE65-010BC2CF5868}.Debug|Any CPU.Build.0 = Debug|Any CPU
		{3E79A998-FEC7-44F4-AE65-010BC2CF5868}.Debug|x64.ActiveCfg = Debug|Any CPU
		{3E79A998-FEC7-44F4-AE65-010BC2CF5868}.Debug|x64.Build.0 = Debug|Any CPU
		{3E79A998-FEC7-44F4-AE65-010BC2CF5868}.Debug|x86.ActiveCfg = Debug|Any CPU
		{3E79A998-FEC7-44F4-AE65-010BC2CF5868}.Debug|x86.Build.0 = Debug|Any CPU
		{3E79A998-FEC7-44F4-AE65-010BC2CF5868}.Release|Any CPU.ActiveCfg = Release|Any CPU
		{3E79A998-FEC7-44F4-AE65-010BC2CF5868}.Release|Any CPU.Build.0 = Release|Any CPU
		{3E79A998-FEC7-44F4-AE65-010BC2CF5868}.Release|x64.ActiveCfg = Release|Any CPU
		{3E79A998-FEC7-44F4-AE65-010BC2CF5868}.Release|x64.Build.0 = Release|Any CPU
		{3E79A998-FEC7-44F4-AE65-010BC2CF5868}.Release|x86.ActiveCfg = Release|Any CPU
		{3E79A998-FEC7-44F4-AE65-010BC2CF5868}.Release|x86.Build.0 = Release|Any CPU
		{010FB2D0-7BC3-43C3-84D1-D8F69AE99CE1}.Debug|Any CPU.ActiveCfg = Debug|Any CPU
		{010FB2D0-7BC3-43C3-84D1-D8F69AE99CE1}.Debug|Any CPU.Build.0 = Debug|Any CPU
		{010FB2D0-7BC3-43C3-84D1-D8F69AE99CE1}.Debug|x64.ActiveCfg = Debug|Any CPU
		{010FB2D0-7BC3-43C3-84D1-D8F69AE99CE1}.Debug|x64.Build.0 = Debug|Any CPU
		{010FB2D0-7BC3-43C3-84D1-D8F69AE99CE1}.Debug|x86.ActiveCfg = Debug|Any CPU
		{010FB2D0-7BC3-43C3-84D1-D8F69AE99CE1}.Debug|x86.Build.0 = Debug|Any CPU
		{010FB2D0-7BC3-43C3-84D1-D8F69AE99CE1}.Release|Any CPU.ActiveCfg = Release|Any CPU
		{010FB2D0-7BC3-43C3-84D1-D8F69AE99CE1}.Release|Any CPU.Build.0 = Release|Any CPU
		{010FB2D0-7BC3-43C3-84D1-D8F69AE99CE1}.Release|x64.ActiveCfg = Release|Any CPU
		{010FB2D0-7BC3-43C3-84D1-D8F69AE99CE1}.Release|x64.Build.0 = Release|Any CPU
		{010FB2D0-7BC3-43C3-84D1-D8F69AE99CE1}.Release|x86.ActiveCfg = Release|Any CPU
		{010FB2D0-7BC3-43C3-84D1-D8F69AE99CE1}.Release|x86.Build.0 = Release|Any CPU
	EndGlobalSection
	GlobalSection(SolutionProperties) = preSolution
		HideSolutionNode = FALSE
	EndGlobalSection
	GlobalSection(NestedProjects) = preSolution
		{36AE722D-6824-41AD-B2A7-85FB1B936FDC} = {827E0CD3-B72D-47B6-A68D-7590B98EB39B}
		{1B7AB5A0-E61A-4828-8FF5-67EECDEB4EEF} = {827E0CD3-B72D-47B6-A68D-7590B98EB39B}
		{1F52110C-25F8-4656-998A-83F592209268} = {827E0CD3-B72D-47B6-A68D-7590B98EB39B}
		{3E79A998-FEC7-44F4-AE65-010BC2CF5868} = {827E0CD3-B72D-47B6-A68D-7590B98EB39B}
		{010FB2D0-7BC3-43C3-84D1-D8F69AE99CE1} = {827E0CD3-B72D-47B6-A68D-7590B98EB39B}
	EndGlobalSection
EndGlobal
